Microsoft Visual Studio Solution File, Format Version 12.00
# Visual Studio Version 16
VisualStudioVersion = 16.0.28729.10
MinimumVisualStudioVersion = 10.0.40219.1
Project("{FAE04EC0-301F-11D3-BF4B-00C04F79EFBC}") = "SearchEngine.Core", "src/SearchEngine.Core/SearchEngine.Core.csproj", "{C1E8FE96-CC66-4E2D-9E67-38F9D7FCA57B}"
EndProject
Project("{FAE04EC0-301F-11D3-BF4B-00C04F79EFBC}") = "SearchEngine.API", "src/SearchEngine.API/SearchEngine.API.csproj", "{9E9407DE-C79F-4B2E-B230-13EFA74365E4}"
EndProject
Project("{FAE04EC0-301F-11D3-BF4B-00C04F79EFBC}") = "SearchEngine.Logging", "src/SearchEngine.Logging/SearchEngine.Logging.csproj", "{38B41C4E-5D38-4F44-B5BB-B580A9A19F4B}"
EndProject
Project("{FAE04EC0-301F-11D3-BF4B-00C04F79EFBC}") = "SearchEngine.DataIngestion", "src/SearchEngine.DataIngestion/SearchEngine.DataIngestion.csproj", "{A74CF85B-9B69-45BE-BE85-8B1AA26C4A16}"
EndProject
Project("{FAE04EC0-301F-11D3-BF4B-00C04F79EFBC}") = "SearchEngine.Tests", "tests/SearchEngine.Tests/SearchEngine.Tests.csproj", "{2E9204F3-BA3F-4BA1-BB86-7326B64A362C}"
EndProject
Global
    GlobalSection(SolutionConfigurationPlatforms) = preSolution
        Debug|Any CPU = Debug|Any CPU
        Release|Any CPU = Release|Any CPU
    EndGlobalSection
    GlobalSection(ProjectConfigurationPlatforms) = postSolution
        {C1E8FE96-CC66-4E2D-9E67-38F9D7FCA57B}.Debug|Any CPU.ActiveCfg = Debug|Any CPU
        {C1E8FE96-CC66-4E2D-9E67-38F9D7FCA57B}.Debug|Any CPU.Build.0 = Debug|Any CPU
        {C1E8FE96-CC66-4E2D-9E67-38F9D7FCA57B}.Release|Any CPU.ActiveCfg = Release|Any CPU
        {C1E8FE96-CC66-4E2D-9E67-38F9D7FCA57B}.Release|Any CPU.Build.0 = Release|Any CPU
        {9E9407DE-C79F-4B2E-B230-13EFA74365E4}.Debug|Any CPU.ActiveCfg = Debug|Any CPU
        {9E9407DE-C79F-4B2E-B230-13EFA74365E4}.Debug|Any CPU.Build.0 = Debug|Any CPU
        {9E9407DE-C79F-4B2E-B230-13EFA74365E4}.Release|Any CPU.ActiveCfg = Release|Any CPU
        {9E9407DE-C79F-4B2E-B230-13EFA74365E4}.Release|Any CPU.Build.0 = Release|Any CPU
        {38B41C4E-5D38-4F44-B5BB-B580A9A19F4B}.Debug|Any CPU.ActiveCfg = Debug|Any CPU
        {38B41C4E-5D38-4F44-B5BB-B580A9A19F4B}.Debug|Any CPU.Build.0 = Debug|Any CPU
        {38B41C4E-5D38-4F44-B5BB-B580A9A19F4B}.Release|Any CPU.ActiveCfg = Release|Any CPU
        {38B41C4E-5D38-4F44-B5BB-B580A9A19F4B}.Release|Any CPU.Build.0 = Release|Any CPU
        {A74CF85B-9B69-45BE-BE85-8B1AA26C4A16}.Debug|Any CPU.ActiveCfg = Debug|Any CPU
        {A74CF85B-9B69-45BE-BE85-8B1AA26C4A16}.Debug|Any CPU.Build.0 = Debug|Any CPU
        {A74CF85B-9B69-45BE-BE85-8B1AA26C4A16}.Release|Any CPU.ActiveCfg = Release|Any CPU
        {A74CF85B-9B69-45BE-BE85-8B1AA26C4A16}.Release|Any CPU.Build.0 = Release|Any CPU
        {2E9204F3-BA3F-4BA1-BB86-7326B64A362C}.Debug|Any CPU.ActiveCfg = Debug|Any CPU
        {2E9204F3-BA3F-4BA1-BB86-7326B64A362C}.Debug|Any CPU.Build.0 = Debug|Any CPU
        {2E9204F3-BA3F-4BA1-BB86-7326B64A362C}.Release|Any CPU.ActiveCfg = Release|Any CPU
        {2E9204F3-BA3F-4BA1-BB86-7326B64A362C}.Release|Any CPU.Build.0 = Release|Any CPU
    EndGlobalSection
    GlobalSection(SolutionProperties) = preSolution
        HideSolutionNode = FALSE
    EndGlobalSection
EndGlobal
